
Microsoft Visual Studio Solution File, Format Version 12.00
# Visual Studio 14
VisualStudioVersion = 14.0.25420.1
MinimumVisualStudioVersion = 10.0.40219.1
Project("{FAE04EC0-301F-11D3-BF4B-00C04F79EFBC}") = "Admin_TekBot(Prod)", "Admin_TekBot(Prod)\Admin_TekBot(Prod).csproj", "{6E6D58A8-56E4-4A4F-91DD-3FAD85D7523F}"
EndProject
Global
	GlobalSection(SolutionConfigurationPlatforms) = preSolution
		Debug|Any CPU = Debug|Any CPU
		Release|Any CPU = Release|Any CPU
	EndGlobalSection
	GlobalSection(ProjectConfigurationPlatforms) = postSolution
		{6E6D58A8-56E4-4A4F-91DD-3FAD85D7523F}.Debug|Any CPU.ActiveCfg = Debug|Any CPU
		{6E6D58A8-56E4-4A4F-91DD-3FAD85D7523F}.Debug|Any CPU.Build.0 = Debug|Any CPU
		{6E6D58A8-56E4-4A4F-91DD-3FAD85D7523F}.Release|Any CPU.ActiveCfg = Release|Any CPU
		{6E6D58A8-56E4-4A4F-91DD-3FAD85D7523F}.Release|Any CPU.Build.0 = Release|Any CPU
	EndGlobalSection
	GlobalSection(SolutionProperties) = preSolution
		HideSolutionNode = FALSE
	EndGlobalSection
EndGlobal
